
Microsoft Visual Studio Solution File, Format Version 12.00
# Visual Studio 14
VisualStudioVersion = 14.0.25420.1
MinimumVisualStudioVersion = 10.0.40219.1
Project("{8BC9CEB8-8B4A-11D0-8D11-00A0C91BC942}") = "Sort with Swap", "Sort with Swap\Sort with Swap.vcxproj", "{605AE5A1-B941-4AFA-A06F-089CC58122C4}"
EndProject
Global
	GlobalSection(SolutionConfigurationPlatforms) = preSolution
		Debug|x64 = Debug|x64
		Debug|x86 = Debug|x86
		Release|x64 = Release|x64
		Release|x86 = Release|x86
	EndGlobalSection
	GlobalSection(ProjectConfigurationPlatforms) = postSolution
		{605AE5A1-B941-4AFA-A06F-089CC58122C4}.Debug|x64.ActiveCfg = Debug|x64
		{605AE5A1-B941-4AFA-A06F-089CC58122C4}.Debug|x64.Build.0 = Debug|x64
		{605AE5A1-B941-4AFA-A06F-089CC58122C4}.Debug|x86.ActiveCfg = Debug|Win32
		{605AE5A1-B941-4AFA-A06F-089CC58122C4}.Debug|x86.Build.0 = Debug|Win32
		{605AE5A1-B941-4AFA-A06F-089CC58122C4}.Release|x64.ActiveCfg = Release|x64
		{605AE5A1-B941-4AFA-A06F-089CC58122C4}.Release|x64.Build.0 = Release|x64
		{605AE5A1-B941-4AFA-A06F-089CC58122C4}.Release|x86.ActiveCfg = Release|Win32
		{605AE5A1-B941-4AFA-A06F-089CC58122C4}.Release|x86.Build.0 = Release|Win32
	EndGlobalSection
	GlobalSection(SolutionProperties) = preSolution
		HideSolutionNode = FALSE
	EndGlobalSection
EndGlobal
